// !$*UTF8*$!
{
	archiveVersion = 1;
	classes = {
	};
	objectVersion = 55;
	objects = {

/* Begin PBXBuildFile section */
		4A8F9A9B28E3408C00613BE8 /* AppDelegate.swift in Sources */ = {isa = PBXBuildFile; fileRef = 4A8F9A9A28E3408C00613BE8 /* AppDelegate.swift */; };
		4A8F9A9D28E3408C00613BE8 /* SceneDelegate.swift in Sources */ = {isa = PBXBuildFile; fileRef = 4A8F9A9C28E3408C00613BE8 /* SceneDelegate.swift */; };
		4A8F9A9F28E3408C00613BE8 /* ViewController.swift in Sources */ = {isa = PBXBuildFile; fileRef = 4A8F9A9E28E3408C00613BE8 /* ViewController.swift */; };
		4A8F9AA228E3408C00613BE8 /* Main.storyboard in Resources */ = {isa = PBXBuildFile; fileRef = 4A8F9AA028E3408C00613BE8 /* Main.storyboard */; };
		4A8F9AA428E3408D00613BE8 /* Assets.xcassets in Resources */ = {isa = PBXBuildFile; fileRef = 4A8F9AA328E3408D00613BE8 /* Assets.xcassets */; };
		4A8F9AA728E3408D00613BE8 /* LaunchScreen.storyboard in Resources */ = {isa = PBXBuildFile; fileRef = 4A8F9AA528E3408D00613BE8 /* LaunchScreen.storyboard */; };
		4A8F9AB228E3408D00613BE8 /* Hello_World_End_of_Unit_AppTests.swift in Sources */ = {isa = PBXBuildFile; fileRef = 4A8F9AB128E3408D00613BE8 /* Hello_World_End_of_Unit_AppTests.swift */; };
		4A8F9ABC28E3408D00613BE8 /* Hello_World_End_of_Unit_AppUITests.swift in Sources */ = {isa = PBXBuildFile; fileRef = 4A8F9ABB28E3408D00613BE8 /* Hello_World_End_of_Unit_AppUITests.swift */; };
		4A8F9ABE28E3408D00613BE8 /* Hello_World_End_of_Unit_AppUITestsLaunchTests.swift in Sources */ = {isa = PBXBuildFile; fileRef = 4A8F9ABD28E3408D00613BE8 /* Hello_World_End_of_Unit_AppUITestsLaunchTests.swift */; };
/* End PBXBuildFile section */

/* Begin PBXContainerItemProxy section */
		4A8F9AAE28E3408D00613BE8 /* PBXContainerItemProxy */ = {
			isa = PBXContainerItemProxy;
			containerPortal = 4A8F9A8F28E3408C00613BE8 /* Project object */;
			proxyType = 1;
			remoteGlobalIDString = 4A8F9A9628E3408C00613BE8;
			remoteInfo = "Hello World End of Unit App";
		};
		4A8F9AB828E3408D00613BE8 /* PBXContainerItemProxy */ = {
			isa = PBXContainerItemProxy;
			containerPortal = 4A8F9A8F28E3408C00613BE8 /* Project object */;
			proxyType = 1;
			remoteGlobalIDString = 4A8F9A9628E3408C00613BE8;
			remoteInfo = "Hello World End of Unit App";
		};
/* End PBXContainerItemProxy section */

/* Begin PBXFileReference section */
		4A8F9A9728E3408C00613BE8 /* Hello World End of Unit App.app */ = {isa = PBXFileReference; explicitFileType = wrapper.application; includeInIndex = 0; path = "Hello World End of Unit App.app"; sourceTree = BUILT_PRODUCTS_DIR; };
		4A8F9A9A28E3408C00613BE8 /* AppDelegate.swift */ = {isa = PBXFileReference; lastKnownFileType = sourcecode.swift; path = AppDelegate.swift; sourceTree = "<group>"; };
		4A8F9A9C28E3408C00613BE8 /* SceneDelegate.swift */ = {isa = PBXFileReference; lastKnownFileType = sourcecode.swift; path = SceneDelegate.swift; sourceTree = "<group>"; };
		4A8F9A9E28E3408C00613BE8 /* ViewController.swift */ = {isa = PBXFileReference; lastKnownFileType = sourcecode.swift; path = ViewController.swift; sourceTree = "<group>"; };
		4A8F9AA128E3408C00613BE8 /* Base */ = {isa = PBXFileReference; lastKnownFileType = file.storyboard; name = Base; path = Base.lproj/Main.storyboard; sourceTree = "<group>"; };
		4A8F9AA328E3408D00613BE8 /* Assets.xcassets */ = {isa = PBXFileReference; lastKnownFileType = folder.assetcatalog; path = Assets.xcassets; sourceTree = "<group>"; };
		4A8F9AA628E3408D00613BE8 /* Base */ = {isa = PBXFileReference; lastKnownFileType = file.storyboard; name = Base; path = Base.lproj/LaunchScreen.storyboard; sourceTree = "<group>"; };
		4A8F9AA828E3408D00613BE8 /* Info.plist */ = {isa = PBXFileReference; lastKnownFileType = text.plist.xml; path = Info.plist; sourceTree = "<group>"; };
		4A8F9AAD28E3408D00613BE8 /* Hello World End of Unit AppTests.xctest */ = {isa = PBXFileReference; explicitFileType = wrapper.cfbundle; includeInIndex = 0; path = "Hello World End of Unit AppTests.xctest"; sourceTree = BUILT_PRODUCTS_DIR; };
		4A8F9AB128E3408D00613BE8 /* Hello_World_End_of_Unit_AppTests.swift */ = {isa = PBXFileReference; lastKnownFileType = sourcecode.swift; path = Hello_World_End_of_Unit_AppTests.swift; sourceTree = "<group>"; };
		4A8F9AB728E3408D00613BE8 /* Hello World End of Unit AppUITests.xctest */ = {isa = PBXFileReference; explicitFileType = wrapper.cfbundle; includeInIndex = 0; path = "Hello World End of Unit AppUITests.xctest"; sourceTree = BUILT_PRODUCTS_DIR; };
		4A8F9ABB28E3408D00613BE8 /* Hello_World_End_of_Unit_AppUITests.swift */ = {isa = PBXFileReference; lastKnownFileType = sourcecode.swift; path = Hello_World_End_of_Unit_AppUITests.swift; sourceTree = "<group>"; };
		4A8F9ABD28E3408D00613BE8 /* Hello_World_End_of_Unit_AppUITestsLaunchTests.swift */ = {isa = PBXFileReference; lastKnownFileType = sourcecode.swift; path = Hello_World_End_of_Unit_AppUITestsLaunchTests.swift; sourceTree = "<group>"; };
/* End PBXFileReference section */

/* Begin PBXFrameworksBuildPhase section */
		4A8F9A9428E3408C00613BE8 /* Frameworks */ = {
			isa = PBXFrameworksBuildPhase;
			buildActionMask = 2147483647;
			files = (
			);
			runOnlyForDeploymentPostprocessing = 0;
		};
		4A8F9AAA28E3408D00613BE8 /* Frameworks */ = {
			isa = PBXFrameworksBuildPhase;
			buildActionMask = 2147483647;
			files = (
			);
			runOnlyForDeploymentPostprocessing = 0;
		};
		4A8F9AB428E3408D00613BE8 /* Frameworks */ = {
			isa = PBXFrameworksBuildPhase;
			buildActionMask = 2147483647;
			files = (
			);
			runOnlyForDeploymentPostprocessing = 0;
		};
/* End PBXFrameworksBuildPhase section */

/* Begin PBXGroup section */
		4A8F9A8E28E3408C00613BE8 = {
			isa = PBXGroup;
			children = (
				4A8F9A9928E3408C00613BE8 /* Hello World End of Unit App */,
				4A8F9AB028E3408D00613BE8 /* Hello World End of Unit AppTests */,
				4A8F9ABA28E3408D00613BE8 /* Hello World End of Unit AppUITests */,
				4A8F9A9828E3408C00613BE8 /* Products */,
			);
			sourceTree = "<group>";
		};
		4A8F9A9828E3408C00613BE8 /* Products */ = {
			isa = PBXGroup;
			children = (
				4A8F9A9728E3408C00613BE8 /* Hello World End of Unit App.app */,
				4A8F9AAD28E3408D00613BE8 /* Hello World End of Unit AppTests.xctest */,
				4A8F9AB728E3408D00613BE8 /* Hello World End of Unit AppUITests.xctest */,
			);
			name = Products;
			sourceTree = "<group>";
		};
		4A8F9A9928E3408C00613BE8 /* Hello World End of Unit App */ = {
			isa = PBXGroup;
			children = (
				4A8F9A9A28E3408C00613BE8 /* AppDelegate.swift */,
				4A8F9A9C28E3408C00613BE8 /* SceneDelegate.swift */,
				4A8F9A9E28E3408C00613BE8 /* ViewController.swift */,
				4A8F9AA028E3408C00613BE8 /* Main.storyboard */,
				4A8F9AA328E3408D00613BE8 /* Assets.xcassets */,
				4A8F9AA528E3408D00613BE8 /* LaunchScreen.storyboard */,
				4A8F9AA828E3408D00613BE8 /* Info.plist */,
			);
			path = "Hello World End of Unit App";
			sourceTree = "<group>";
		};
		4A8F9AB028E3408D00613BE8 /* Hello World End of Unit AppTests */ = {
			isa = PBXGroup;
			children = (
				4A8F9AB128E3408D00613BE8 /* Hello_World_End_of_Unit_AppTests.swift */,
			);
			path = "Hello World End of Unit AppTests";
			sourceTree = "<group>";
		};
		4A8F9ABA28E3408D00613BE8 /* Hello World End of Unit AppUITests */ = {
			isa = PBXGroup;
			children = (
				4A8F9ABB28E3408D00613BE8 /* Hello_World_End_of_Unit_AppUITests.swift */,
				4A8F9ABD28E3408D00613BE8 /* Hello_World_End_of_Unit_AppUITestsLaunchTests.swift */,
			);
			path = "Hello World End of Unit AppUITests";
			sourceTree = "<group>";
		};
/* End PBXGroup section */

/* Begin PBXNativeTarget section */
		4A8F9A9628E3408C00613BE8 /* Hello World End of Unit App */ = {
			isa = PBXNativeTarget;
			buildConfigurationList = 4A8F9AC128E3408D00613BE8 /* Build configuration list for PBXNativeTarget "Hello World End of Unit App" */;
			buildPhases = (
				4A8F9A9328E3408C00613BE8 /* Sources */,
				4A8F9A9428E3408C00613BE8 /* Frameworks */,
				4A8F9A9528E3408C00613BE8 /* Resources */,
			);
			buildRules = (
			);
			dependencies = (
			);
			name = "Hello World End of Unit App";
			productName = "Hello World End of Unit App";
			productReference = 4A8F9A9728E3408C00613BE8 /* Hello World End of Unit App.app */;
			productType = "com.apple.product-type.application";
		};
		4A8F9AAC28E3408D00613BE8 /* Hello World End of Unit AppTests */ = {
			isa = PBXNativeTarget;
			buildConfigurationList = 4A8F9AC428E3408D00613BE8 /* Build configuration list for PBXNativeTarget "Hello World End of Unit AppTests" */;
			buildPhases = (
				4A8F9AA928E3408D00613BE8 /* Sources */,
				4A8F9AAA28E3408D00613BE8 /* Frameworks */,
				4A8F9AAB28E3408D00613BE8 /* Resources */,
			);
			buildRules = (
			);
			dependencies = (
				4A8F9AAF28E3408D00613BE8 /* PBXTargetDependency */,
			);
			name = "Hello World End of Unit AppTests";
			productName = "Hello World End of Unit AppTests";
			productReference = 4A8F9AAD28E3408D00613BE8 /* Hello World End of Unit AppTests.xctest */;
			productType = "com.apple.product-type.bundle.unit-test";
		};
		4A8F9AB628E3408D00613BE8 /* Hello World End of Unit AppUITests */ = {
			isa = PBXNativeTarget;
			buildConfigurationList = 4A8F9AC728E3408D00613BE8 /* Build configuration list for PBXNativeTarget "Hello World End of Unit AppUITests" */;
			buildPhases = (
				4A8F9AB328E3408D00613BE8 /* Sources */,
				4A8F9AB428E3408D00613BE8 /* Frameworks */,
				4A8F9AB528E3408D00613BE8 /* Resources */,
			);
			buildRules = (
			);
			dependencies = (
				4A8F9AB928E3408D00613BE8 /* PBXTargetDependency */,
			);
			name = "Hello World End of Unit AppUITests";
			productName = "Hello World End of Unit AppUITests";
			productReference = 4A8F9AB728E3408D00613BE8 /* Hello World End of Unit AppUITests.xctest */;
			productType = "com.apple.product-type.bundle.ui-testing";
		};
/* End PBXNativeTarget section */

/* Begin PBXProject section */
		4A8F9A8F28E3408C00613BE8 /* Project object */ = {
			isa = PBXProject;
			attributes = {
				BuildIndependentTargetsInParallel = 1;
				LastSwiftUpdateCheck = 1340;
				LastUpgradeCheck = 1340;
				TargetAttributes = {
					4A8F9A9628E3408C00613BE8 = {
						CreatedOnToolsVersion = 13.4.1;
					};
					4A8F9AAC28E3408D00613BE8 = {
						CreatedOnToolsVersion = 13.4.1;
						TestTargetID = 4A8F9A9628E3408C00613BE8;
					};
					4A8F9AB628E3408D00613BE8 = {
						CreatedOnToolsVersion = 13.4.1;
						TestTargetID = 4A8F9A9628E3408C00613BE8;
					};
				};
			};
			buildConfigurationList = 4A8F9A9228E3408C00613BE8 /* Build configuration list for PBXProject "Hello World End of Unit App" */;
			compatibilityVersion = "Xcode 13.0";
			developmentRegion = en;
			hasScannedForEncodings = 0;
			knownRegions = (
				en,
				Base,
			);
			mainGroup = 4A8F9A8E28E3408C00613BE8;
			productRefGroup = 4A8F9A9828E3408C00613BE8 /* Products */;
			projectDirPath = "";
			projectRoot = "";
			targets = (
				4A8F9A9628E3408C00613BE8 /* Hello World End of Unit App */,
				4A8F9AAC28E3408D00613BE8 /* Hello World End of Unit AppTests */,
				4A8F9AB628E3408D00613BE8 /* Hello World End of Unit AppUITests */,
			);
		};
/* End PBXProject section */

/* Begin PBXResourcesBuildPhase section */
		4A8F9A9528E3408C00613BE8 /* Resources */ = {
			isa = PBXResourcesBuildPhase;
			buildActionMask = 2147483647;
			files = (
				4A8F9AA728E3408D00613BE8 /* LaunchScreen.storyboard in Resources */,
				4A8F9AA428E3408D00613BE8 /* Assets.xcassets in Resources */,
				4A8F9AA228E3408C00613BE8 /* Main.storyboard in Resources */,
			);
			runOnlyForDeploymentPostprocessing = 0;
		};
		4A8F9AAB28E3408D00613BE8 /* Resources */ = {
			isa = PBXResourcesBuildPhase;
			buildActionMask = 2147483647;
			files = (
			);
			runOnlyForDeploymentPostprocessing = 0;
		};
		4A8F9AB528E3408D00613BE8 /* Resources */ = {
			isa = PBXResourcesBuildPhase;
			buildActionMask = 2147483647;
			files = (
			);
			runOnlyForDeploymentPostprocessing = 0;
		};
/* End PBXResourcesBuildPhase section */

/* Begin PBXSourcesBuildPhase section */
		4A8F9A9328E3408C00613BE8 /* Sources */ = {
			isa = PBXSourcesBuildPhase;
			buildActionMask = 2147483647;
			files = (
				4A8F9A9F28E3408C00613BE8 /* ViewController.swift in Sources */,
				4A8F9A9B28E3408C00613BE8 /* AppDelegate.swift in Sources */,
				4A8F9A9D28E3408C00613BE8 /* SceneDelegate.swift in Sources */,
			);
			runOnlyForDeploymentPostprocessing = 0;
		};
		4A8F9AA928E3408D00613BE8 /* Sources */ = {
			isa = PBXSourcesBuildPhase;
			buildActionMask = 2147483647;
			files = (
				4A8F9AB228E3408D00613BE8 /* Hello_World_End_of_Unit_AppTests.swift in Sources */,
			);
			runOnlyForDeploymentPostprocessing = 0;
		};
		4A8F9AB328E3408D00613BE8 /* Sources */ = {
			isa = PBXSourcesBuildPhase;
			buildActionMask = 2147483647;
			files = (
				4A8F9ABC28E3408D00613BE8 /* Hello_World_End_of_Unit_AppUITests.swift in Sources */,
				4A8F9ABE28E3408D00613BE8 /* Hello_World_End_of_Unit_AppUITestsLaunchTests.swift in Sources */,
			);
			runOnlyForDeploymentPostprocessing = 0;
		};
/* End PBXSourcesBuildPhase section */

/* Begin PBXTargetDependency section */
		4A8F9AAF28E3408D00613BE8 /* PBXTargetDependency */ = {
			isa = PBXTargetDependency;
			target = 4A8F9A9628E3408C00613BE8 /* Hello World End of Unit App */;
			targetProxy = 4A8F9AAE28E3408D00613BE8 /* PBXContainerItemProxy */;
		};
		4A8F9AB928E3408D00613BE8 /* PBXTargetDependency */ = {
			isa = PBXTargetDependency;
			target = 4A8F9A9628E3408C00613BE8 /* Hello World End of Unit App */;
			targetProxy = 4A8F9AB828E3408D00613BE8 /* PBXContainerItemProxy */;
		};
/* End PBXTargetDependency section */

/* Begin PBXVariantGroup section */
		4A8F9AA028E3408C00613BE8 /* Main.storyboard */ = {
			isa = PBXVariantGroup;
			children = (
				4A8F9AA128E3408C00613BE8 /* Base */,
			);
			name = Main.storyboard;
			sourceTree = "<group>";
		};
		4A8F9AA528E3408D00613BE8 /* LaunchScreen.storyboard */ = {
			isa = PBXVariantGroup;
			children = (
				4A8F9AA628E3408D00613BE8 /* Base */,
			);
			name = LaunchScreen.storyboard;
			sourceTree = "<group>";
		};
/* End PBXVariantGroup section */

/* Begin XCBuildConfiguration section */
		4A8F9ABF28E3408D00613BE8 /* Debug */ = {
			isa = XCBuildConfiguration;
			buildSettings = {
				ALWAYS_SEARCH_USER_PATHS = NO;
				CLANG_ANALYZER_NONNULL = YES;
				CLANG_ANALYZER_NUMBER_OBJECT_CONVERSION = YES_AGGRESSIVE;
				CLANG_CXX_LANGUAGE_STANDARD = "gnu++17";
				CLANG_ENABLE_MODULES = YES;
				CLANG_ENABLE_OBJC_ARC = YES;
				CLANG_ENABLE_OBJC_WEAK = YES;
				CLANG_WARN_BLOCK_CAPTURE_AUTORELEASING = YES;
				CLANG_WARN_BOOL_CONVERSION = YES;
				CLANG_WARN_COMMA = YES;
				CLANG_WARN_CONSTANT_CONVERSION = YES;
				CLANG_WARN_DEPRECATED_OBJC_IMPLEMENTATIONS = YES;
				CLANG_WARN_DIRECT_OBJC_ISA_USAGE = YES_ERROR;
				CLANG_WARN_DOCUMENTATION_COMMENTS = YES;
				CLANG_WARN_EMPTY_BODY = YES;
				CLANG_WARN_ENUM_CONVERSION = YES;
				CLANG_WARN_INFINITE_RECURSION = YES;
				CLANG_WARN_INT_CONVERSION = YES;
				CLANG_WARN_NON_LITERAL_NULL_CONVERSION = YES;
				CLANG_WARN_OBJC_IMPLICIT_RETAIN_SELF = YES;
				CLANG_WARN_OBJC_LITERAL_CONVERSION = YES;
				CLANG_WARN_OBJC_ROOT_CLASS = YES_ERROR;
				CLANG_WARN_QUOTED_INCLUDE_IN_FRAMEWORK_HEADER = YES;
				CLANG_WARN_RANGE_LOOP_ANALYSIS = YES;
				CLANG_WARN_STRICT_PROTOTYPES = YES;
				CLANG_WARN_SUSPICIOUS_MOVE = YES;
				CLANG_WARN_UNGUARDED_AVAILABILITY = YES_AGGRESSIVE;
				CLANG_WARN_UNREACHABLE_CODE = YES;
				CLANG_WARN__DUPLICATE_METHOD_MATCH = YES;
				COPY_PHASE_STRIP = NO;
				DEBUG_INFORMATION_FORMAT = dwarf;
				ENABLE_STRICT_OBJC_MSGSEND = YES;
				ENABLE_TESTABILITY = YES;
				GCC_C_LANGUAGE_STANDARD = gnu11;
				GCC_DYNAMIC_NO_PIC = NO;
				GCC_NO_COMMON_BLOCKS = YES;
				GCC_OPTIMIZATION_LEVEL = 0;
				GCC_PREPROCESSOR_DEFINITIONS = (
					"DEBUG=1",
					"$(inherited)",
				);
				GCC_WARN_64_TO_32_BIT_CONVERSION = YES;
				GCC_WARN_ABOUT_RETURN_TYPE = YES_ERROR;
				GCC_WARN_UNDECLARED_SELECTOR = YES;
				GCC_WARN_UNINITIALIZED_AUTOS = YES_AGGRESSIVE;
				GCC_WARN_UNUSED_FUNCTION = YES;
				GCC_WARN_UNUSED_VARIABLE = YES;
				IPHONEOS_DEPLOYMENT_TARGET = 15.5;
				MTL_ENABLE_DEBUG_INFO = INCLUDE_SOURCE;
				MTL_FAST_MATH = YES;
				ONLY_ACTIVE_ARCH = YES;
				SDKROOT = iphoneos;
				SWIFT_ACTIVE_COMPILATION_CONDITIONS = DEBUG;
				SWIFT_OPTIMIZATION_LEVEL = "-Onone";
			};
			name = Debug;
		};
		4A8F9AC028E3408D00613BE8 /* Release */ = {
			isa = XCBuildConfiguration;
			buildSettings = {
				ALWAYS_SEARCH_USER_PATHS = NO;
				CLANG_ANALYZER_NONNULL = YES;
				CLANG_ANALYZER_NUMBER_OBJECT_CONVERSION = YES_AGGRESSIVE;
				CLANG_CXX_LANGUAGE_STANDARD = "gnu++17";
				CLANG_ENABLE_MODULES = YES;
				CLANG_ENABLE_OBJC_ARC = YES;
				CLANG_ENABLE_OBJC_WEAK = YES;
				CLANG_WARN_BLOCK_CAPTURE_AUTORELEASING = YES;
				CLANG_WARN_BOOL_CONVERSION = YES;
				CLANG_WARN_COMMA = YES;
				CLANG_WARN_CONSTANT_CONVERSION = YES;
				CLANG_WARN_DEPRECATED_OBJC_IMPLEMENTATIONS = YES;
				CLANG_WARN_DIRECT_OBJC_ISA_USAGE = YES_ERROR;
				CLANG_WARN_DOCUMENTATION_COMMENTS = YES;
				CLANG_WARN_EMPTY_BODY = YES;
				CLANG_WARN_ENUM_CONVERSION = YES;
				CLANG_WARN_INFINITE_RECURSION = YES;
				CLANG_WARN_INT_CONVERSION = YES;
				CLANG_WARN_NON_LITERAL_NULL_CONVERSION = YES;
				CLANG_WARN_OBJC_IMPLICIT_RETAIN_SELF = YES;
				CLANG_WARN_OBJC_LITERAL_CONVERSION = YES;
				CLANG_WARN_OBJC_ROOT_CLASS = YES_ERROR;
				CLANG_WARN_QUOTED_INCLUDE_IN_FRAMEWORK_HEADER = YES;
				CLANG_WARN_RANGE_LOOP_ANALYSIS = YES;
				CLANG_WARN_STRICT_PROTOTYPES = YES;
				CLANG_WARN_SUSPICIOUS_MOVE = YES;
				CLANG_WARN_UNGUARDED_AVAILABILITY = YES_AGGRESSIVE;
				CLANG_WARN_UNREACHABLE_CODE = YES;
				CLANG_WARN__DUPLICATE_METHOD_MATCH = YES;
				COPY_PHASE_STRIP = NO;
				DEBUG_INFORMATION_FORMAT = "dwarf-with-dsym";
				ENABLE_NS_ASSERTIONS = NO;
				ENABLE_STRICT_OBJC_MSGSEND = YES;
				GCC_C_LANGUAGE_STANDARD = gnu11;
				GCC_NO_COMMON_BLOCKS = YES;
				GCC_WARN_64_TO_32_BIT_CONVERSION = YES;
				GCC_WARN_ABOUT_RETURN_TYPE = YES_ERROR;
				GCC_WARN_UNDECLARED_SELECTOR = YES;
				GCC_WARN_UNINITIALIZED_AUTOS = YES_AGGRESSIVE;
				GCC_WARN_UNUSED_FUNCTION = YES;
				GCC_WARN_UNUSED_VARIABLE = YES;
				IPHONEOS_DEPLOYMENT_TARGET = 15.5;
				MTL_ENABLE_DEBUG_INFO = NO;
				MTL_FAST_MATH = YES;
				SDKROOT = iphoneos;
				SWIFT_COMPILATION_MODE = wholemodule;
				SWIFT_OPTIMIZATION_LEVEL = "-O";
				VALIDATE_PRODUCT = YES;
			};
			name = Release;
		};
		4A8F9AC228E3408D00613BE8 /* Debug */ = {
			isa = XCBuildConfiguration;
			buildSettings = {
				ASSETCATALOG_COMPILER_APPICON_NAME = AppIcon;
				ASSETCATALOG_COMPILER_GLOBAL_ACCENT_COLOR_NAME = AccentColor;
				CODE_SIGN_STYLE = Automatic;
				CURRENT_PROJECT_VERSION = 1;
				DEVELOPMENT_TEAM = W43DLUTJX6;
				GENERATE_INFOPLIST_FILE = YES;
				INFOPLIST_FILE = "Hello World End of Unit App/Info.plist";
				INFOPLIST_KEY_UIApplicationSupportsIndirectInputEvents = YES;
				INFOPLIST_KEY_UILaunchStoryboardName = LaunchScreen;
				INFOPLIST_KEY_UIMainStoryboardFile = Main;
				INFOPLIST_KEY_UISupportedInterfaceOrientations_iPad = "UIInterfaceOrientationPortrait UIInterfaceOrientationPortraitUpsideDown UIInterfaceOrientationLandscapeLeft UIInterfaceOrientationLandscapeRight";
				INFOPLIST_KEY_UISupportedInterfaceOrientations_iPhone = "UIInterfaceOrientationPortrait UIInterfaceOrientationLandscapeLeft UIInterfaceOrientationLandscapeRight";
				LD_RUNPATH_SEARCH_PATHS = (
					"$(inherited)",
					"@executable_path/Frameworks",
				);
				MARKETING_VERSION = 1.0;
				PRODUCT_BUNDLE_IDENTIFIER = "org.d127.250023.Hello-World-End-of-Unit-App";
				PRODUCT_NAME = "$(TARGET_NAME)";
				SWIFT_EMIT_LOC_STRINGS = YES;
				SWIFT_VERSION = 5.0;
				TARGETED_DEVICE_FAMILY = "1,2";
			};
			name = Debug;
		};
		4A8F9AC328E3408D00613BE8 /* Release */ = {
			isa = XCBuildConfiguration;
			buildSettings = {
				ASSETCATALOG_COMPILER_APPICON_NAME = AppIcon;
				ASSETCATALOG_COMPILER_GLOBAL_ACCENT_COLOR_NAME = AccentColor;
				CODE_SIGN_STYLE = Automatic;
				CURRENT_PROJECT_VERSION = 1;
				DEVELOPMENT_TEAM = W43DLUTJX6;
				GENERATE_INFOPLIST_FILE = YES;
				INFOPLIST_FILE = "Hello World End of Unit App/Info.plist";
				INFOPLIST_KEY_UIApplicationSupportsIndirectInputEvents = YES;
				INFOPLIST_KEY_UILaunchStoryboardName = LaunchScreen;
				INFOPLIST_KEY_UIMainStoryboardFile = Main;
				INFOPLIST_KEY_UISupportedInterfaceOrientations_iPad = "UIInterfaceOrientationPortrait UIInterfaceOrientationPortraitUpsideDown UIInterfaceOrientationLandscapeLeft UIInterfaceOrientationLandscapeRight";
				INFOPLIST_KEY_UISupportedInterfaceOrientations_iPhone = "UIInterfaceOrientationPortrait UIInterfaceOrientationLandscapeLeft UIInterfaceOrientationLandscapeRight";
				LD_RUNPATH_SEARCH_PATHS = (
					"$(inherited)",
					"@executable_path/Frameworks",
				);
				MARKETING_VERSION = 1.0;
				PRODUCT_BUNDLE_IDENTIFIER = "org.d127.250023.Hello-World-End-of-Unit-App";
				PRODUCT_NAME = "$(TARGET_NAME)";
				SWIFT_EMIT_LOC_STRINGS = YES;
				SWIFT_VERSION = 5.0;
				TARGETED_DEVICE_FAMILY = "1,2";
			};
			name = Release;
		};
		4A8F9AC528E3408D00613BE8 /* Debug */ = {
			isa = XCBuildConfiguration;
			buildSettings = {
				ALWAYS_EMBED_SWIFT_STANDARD_LIBRARIES = YES;
				BUNDLE_LOADER = "$(TEST_HOST)";
				CODE_SIGN_STYLE = Automatic;
				CURRENT_PROJECT_VERSION = 1;
				DEVELOPMENT_TEAM = W43DLUTJX6;
				GENERATE_INFOPLIST_FILE = YES;
				IPHONEOS_DEPLOYMENT_TARGET = 15.5;
				MARKETING_VERSION = 1.0;
				PRODUCT_BUNDLE_IDENTIFIER = "org.d127.250023.Hello-World-End-of-Unit-AppTests";
				PRODUCT_NAME = "$(TARGET_NAME)";
				SWIFT_EMIT_LOC_STRINGS = NO;
				SWIFT_VERSION = 5.0;
				TARGETED_DEVICE_FAMILY = "1,2";
				TEST_HOST = "$(BUILT_PRODUCTS_DIR)/Hello World End of Unit App.app/Hello World End of Unit App";
			};
			name = Debug;
		};
		4A8F9AC628E3408D00613BE8 /* Release */ = {
			isa = XCBuildConfiguration;
			buildSettings = {
				ALWAYS_EMBED_SWIFT_STANDARD_LIBRARIES = YES;
				BUNDLE_LOADER = "$(TEST_HOST)";
				CODE_SIGN_STYLE = Automatic;
				CURRENT_PROJECT_VERSION = 1;
				DEVELOPMENT_TEAM = W43DLUTJX6;
				GENERATE_INFOPLIST_FILE = YES;
				IPHONEOS_DEPLOYMENT_TARGET = 15.5;
				MARKETING_VERSION = 1.0;
				PRODUCT_BUNDLE_IDENTIFIER = "org.d127.250023.Hello-World-End-of-Unit-AppTests";
				PRODUCT_NAME = "$(TARGET_NAME)";
				SWIFT_EMIT_LOC_STRINGS = NO;
				SWIFT_VERSION = 5.0;
				TARGETED_DEVICE_FAMILY = "1,2";
				TEST_HOST = "$(BUILT_PRODUCTS_DIR)/Hello World End of Unit App.app/Hello World End of Unit App";
			};
			name = Release;
		};
		4A8F9AC828E3408D00613BE8 /* Debug */ = {
			isa = XCBuildConfiguration;
			buildSettings = {
				ALWAYS_EMBED_SWIFT_STANDARD_LIBRARIES = YES;
				CODE_SIGN_STYLE = Automatic;
				CURRENT_PROJECT_VERSION = 1;
				DEVELOPMENT_TEAM = W43DLUTJX6;
				GENERATE_INFOPLIST_FILE = YES;
				MARKETING_VERSION = 1.0;
				PRODUCT_BUNDLE_IDENTIFIER = "org.d127.250023.Hello-World-End-of-Unit-AppUITests";
				PRODUCT_NAME = "$(TARGET_NAME)";
				SWIFT_EMIT_LOC_STRINGS = NO;
				SWIFT_VERSION = 5.0;
				TARGETED_DEVICE_FAMILY = "1,2";
				TEST_TARGET_NAME = "Hello World End of Unit App";
			};
			name = Debug;
		};
		4A8F9AC928E3408D00613BE8 /* Release */ = {
			isa = XCBuildConfiguration;
			buildSettings = {
				ALWAYS_EMBED_SWIFT_STANDARD_LIBRARIES = YES;
				CODE_SIGN_STYLE = Automatic;
				CURRENT_PROJECT_VERSION = 1;
				DEVELOPMENT_TEAM = W43DLUTJX6;
				GENERATE_INFOPLIST_FILE = YES;
				MARKETING_VERSION = 1.0;
				PRODUCT_BUNDLE_IDENTIFIER = "org.d127.250023.Hello-World-End-of-Unit-AppUITests";
				PRODUCT_NAME = "$(TARGET_NAME)";
				SWIFT_EMIT_LOC_STRINGS = NO;
				SWIFT_VERSION = 5.0;
				TARGETED_DEVICE_FAMILY = "1,2";
				TEST_TARGET_NAME = "Hello World End of Unit App";
			};
			name = Release;
		};
/* End XCBuildConfiguration section */

/* Begin XCConfigurationList section */
		4A8F9A9228E3408C00613BE8 /* Build configuration list for PBXProject "Hello World End of Unit App" */ = {
			isa = XCConfigurationList;
			buildConfigurations = (
				4A8F9ABF28E3408D00613BE8 /* Debug */,
				4A8F9AC028E3408D00613BE8 /* Release */,
			);
			defaultConfigurationIsVisible = 0;
			defaultConfigurationName = Release;
		};
		4A8F9AC128E3408D00613BE8 /* Build configuration list for PBXNativeTarget "Hello World End of Unit App" */ = {
			isa = XCConfigurationList;
			buildConfigurations = (
				4A8F9AC228E3408D00613BE8 /* Debug */,
				4A8F9AC328E3408D00613BE8 /* Release */,
			);
			defaultConfigurationIsVisible = 0;
			defaultConfigurationName = Release;
		};
		4A8F9AC428E3408D00613BE8 /* Build configuration list for PBXNativeTarget "Hello World End of Unit AppTests" */ = {
			isa = XCConfigurationList;
			buildConfigurations = (
				4A8F9AC528E3408D00613BE8 /* Debug */,
				4A8F9AC628E3408D00613BE8 /* Release */,
			);
			defaultConfigurationIsVisible = 0;
			defaultConfigurationName = Release;
		};
		4A8F9AC728E3408D00613BE8 /* Build configuration list for PBXNativeTarget "Hello World End of Unit AppUITests" */ = {
			isa = XCConfigurationList;
			buildConfigurations = (
				4A8F9AC828E3408D00613BE8 /* Debug */,
				4A8F9AC928E3408D00613BE8 /* Release */,
			);
			defaultConfigurationIsVisible = 0;
			defaultConfigurationName = Release;
		};
/* End XCConfigurationList section */
	};
	rootObject = 4A8F9A8F28E3408C00613BE8 /* Project object */;
}
